
Microsoft Visual Studio Solution File, Format Version 12.00
# Visual Studio Version 17
VisualStudioVersion = 17.6.33829.357
MinimumVisualStudioVersion = 10.0.40219.1
Project("{FAE04EC0-301F-11D3-BF4B-00C04F79EFBC}") = "9.1", "9.1\9.1.csproj", "{AF1067E7-4012-4AF0-A7F1-4AA6984C48E1}"
EndProject
Global
	GlobalSection(SolutionConfigurationPlatforms) = preSolution
		Debug|Any CPU = Debug|Any CPU
		Release|Any CPU = Release|Any CPU
	EndGlobalSection
	GlobalSection(ProjectConfigurationPlatforms) = postSolution
		{AF1067E7-4012-4AF0-A7F1-4AA6984C48E1}.Debug|Any CPU.ActiveCfg = Debug|Any CPU
		{AF1067E7-4012-4AF0-A7F1-4AA6984C48E1}.Debug|Any CPU.Build.0 = Debug|Any CPU
		{AF1067E7-4012-4AF0-A7F1-4AA6984C48E1}.Release|Any CPU.ActiveCfg = Release|Any CPU
		{AF1067E7-4012-4AF0-A7F1-4AA6984C48E1}.Release|Any CPU.Build.0 = Release|Any CPU
	EndGlobalSection
	GlobalSection(SolutionProperties) = preSolution
		HideSolutionNode = FALSE
	EndGlobalSection
	GlobalSection(ExtensibilityGlobals) = postSolution
		SolutionGuid = {7815B583-2FE7-4B8A-8EEA-7F9DEDB593FF}
	EndGlobalSection
EndGlobal
